
Microsoft Visual Studio Solution File, Format Version 12.00
# Visual Studio Version 16
VisualStudioVersion = 16.0.30717.126
MinimumVisualStudioVersion = 10.0.40219.1
Project("{FAE04EC0-301F-11D3-BF4B-00C04F79EFBC}") = "Lesson-8", "Lesson-8.csproj", "{2951421E-F8BD-4CF4-A737-44570289A100}"
EndProject
Global
	GlobalSection(SolutionConfigurationPlatforms) = preSolution
		Debug|Any CPU = Debug|Any CPU
		Release|Any CPU = Release|Any CPU
	EndGlobalSection
	GlobalSection(ProjectConfigurationPlatforms) = postSolution
		{2951421E-F8BD-4CF4-A737-44570289A100}.Debug|Any CPU.ActiveCfg = Debug|Any CPU
		{2951421E-F8BD-4CF4-A737-44570289A100}.Debug|Any CPU.Build.0 = Debug|Any CPU
		{2951421E-F8BD-4CF4-A737-44570289A100}.Release|Any CPU.ActiveCfg = Release|Any CPU
		{2951421E-F8BD-4CF4-A737-44570289A100}.Release|Any CPU.Build.0 = Release|Any CPU
	EndGlobalSection
	GlobalSection(SolutionProperties) = preSolution
		HideSolutionNode = FALSE
	EndGlobalSection
	GlobalSection(ExtensibilityGlobals) = postSolution
		SolutionGuid = {FAF4D5D3-41A1-41C4-871F-AE0EB6EBD2EA}
	EndGlobalSection
EndGlobal
