
Microsoft Visual Studio Solution File, Format Version 12.00
# Visual Studio Version 16
VisualStudioVersion = 16.0.30320.27
MinimumVisualStudioVersion = 10.0.40219.1
Project("{FAE04EC0-301F-11D3-BF4B-00C04F79EFBC}") = "Task_1", "Lesson-1\Task_1.csproj", "{A8A3053B-D3CD-49CF-9A6B-132860D3604E}"
EndProject
Project("{FAE04EC0-301F-11D3-BF4B-00C04F79EFBC}") = "Task_2", "Task_2\Task_2.csproj", "{8EAF3094-8567-4746-8983-C4580FC1BFF4}"
EndProject
Project("{FAE04EC0-301F-11D3-BF4B-00C04F79EFBC}") = "Task_3", "Task_3\Task_3.csproj", "{22191E45-D54C-4968-A346-8D583D75A99D}"
EndProject
Global
	GlobalSection(SolutionConfigurationPlatforms) = preSolution
		Debug|Any CPU = Debug|Any CPU
		Release|Any CPU = Release|Any CPU
	EndGlobalSection
	GlobalSection(ProjectConfigurationPlatforms) = postSolution
		{A8A3053B-D3CD-49CF-9A6B-132860D3604E}.Debug|Any CPU.ActiveCfg = Debug|Any CPU
		{A8A3053B-D3CD-49CF-9A6B-132860D3604E}.Debug|Any CPU.Build.0 = Debug|Any CPU
		{A8A3053B-D3CD-49CF-9A6B-132860D3604E}.Release|Any CPU.ActiveCfg = Release|Any CPU
		{A8A3053B-D3CD-49CF-9A6B-132860D3604E}.Release|Any CPU.Build.0 = Release|Any CPU
		{8EAF3094-8567-4746-8983-C4580FC1BFF4}.Debug|Any CPU.ActiveCfg = Debug|Any CPU
		{8EAF3094-8567-4746-8983-C4580FC1BFF4}.Debug|Any CPU.Build.0 = Debug|Any CPU
		{8EAF3094-8567-4746-8983-C4580FC1BFF4}.Release|Any CPU.ActiveCfg = Release|Any CPU
		{8EAF3094-8567-4746-8983-C4580FC1BFF4}.Release|Any CPU.Build.0 = Release|Any CPU
		{22191E45-D54C-4968-A346-8D583D75A99D}.Debug|Any CPU.ActiveCfg = Debug|Any CPU
		{22191E45-D54C-4968-A346-8D583D75A99D}.Debug|Any CPU.Build.0 = Debug|Any CPU
		{22191E45-D54C-4968-A346-8D583D75A99D}.Release|Any CPU.ActiveCfg = Release|Any CPU
		{22191E45-D54C-4968-A346-8D583D75A99D}.Release|Any CPU.Build.0 = Release|Any CPU
	EndGlobalSection
	GlobalSection(SolutionProperties) = preSolution
		HideSolutionNode = FALSE
	EndGlobalSection
	GlobalSection(ExtensibilityGlobals) = postSolution
		SolutionGuid = {D871DEDE-2120-4FC3-BD61-33E5914E2A97}
	EndGlobalSection
EndGlobal
