
Microsoft Visual Studio Solution File, Format Version 12.00
# Visual Studio Version 16
VisualStudioVersion = 16.0.30320.27
MinimumVisualStudioVersion = 10.0.40219.1
Project("{FAE04EC0-301F-11D3-BF4B-00C04F79EFBC}") = "Task_1", "Task_1.csproj", "{EBB305CD-2888-4666-864C-C30D933D79B3}"
EndProject
Project("{FAE04EC0-301F-11D3-BF4B-00C04F79EFBC}") = "Task_2", "..\Task_2\Task_2.csproj", "{4443F715-D881-473E-8177-80E40FD960EB}"
EndProject
Project("{FAE04EC0-301F-11D3-BF4B-00C04F79EFBC}") = "Task_3", "..\Task_3\Task_3.csproj", "{78EFDAE1-3D09-4162-BE9B-DEE69A25D53D}"
EndProject
Project("{FAE04EC0-301F-11D3-BF4B-00C04F79EFBC}") = "Task_4", "..\Task_4\Task_4.csproj", "{83F42569-90FA-4122-A92A-42EA3CD5F048}"
EndProject
Project("{FAE04EC0-301F-11D3-BF4B-00C04F79EFBC}") = "Task_5", "..\Task_5\Task_5.csproj", "{B8C1B14E-DC28-48A9-86E8-C39F913A458D}"
EndProject
Global
	GlobalSection(SolutionConfigurationPlatforms) = preSolution
		Debug|Any CPU = Debug|Any CPU
		Release|Any CPU = Release|Any CPU
	EndGlobalSection
	GlobalSection(ProjectConfigurationPlatforms) = postSolution
		{EBB305CD-2888-4666-864C-C30D933D79B3}.Debug|Any CPU.ActiveCfg = Debug|Any CPU
		{EBB305CD-2888-4666-864C-C30D933D79B3}.Debug|Any CPU.Build.0 = Debug|Any CPU
		{EBB305CD-2888-4666-864C-C30D933D79B3}.Release|Any CPU.ActiveCfg = Release|Any CPU
		{EBB305CD-2888-4666-864C-C30D933D79B3}.Release|Any CPU.Build.0 = Release|Any CPU
		{4443F715-D881-473E-8177-80E40FD960EB}.Debug|Any CPU.ActiveCfg = Debug|Any CPU
		{4443F715-D881-473E-8177-80E40FD960EB}.Debug|Any CPU.Build.0 = Debug|Any CPU
		{4443F715-D881-473E-8177-80E40FD960EB}.Release|Any CPU.ActiveCfg = Release|Any CPU
		{4443F715-D881-473E-8177-80E40FD960EB}.Release|Any CPU.Build.0 = Release|Any CPU
		{78EFDAE1-3D09-4162-BE9B-DEE69A25D53D}.Debug|Any CPU.ActiveCfg = Debug|Any CPU
		{78EFDAE1-3D09-4162-BE9B-DEE69A25D53D}.Debug|Any CPU.Build.0 = Debug|Any CPU
		{78EFDAE1-3D09-4162-BE9B-DEE69A25D53D}.Release|Any CPU.ActiveCfg = Release|Any CPU
		{78EFDAE1-3D09-4162-BE9B-DEE69A25D53D}.Release|Any CPU.Build.0 = Release|Any CPU
		{83F42569-90FA-4122-A92A-42EA3CD5F048}.Debug|Any CPU.ActiveCfg = Debug|Any CPU
		{83F42569-90FA-4122-A92A-42EA3CD5F048}.Debug|Any CPU.Build.0 = Debug|Any CPU
		{83F42569-90FA-4122-A92A-42EA3CD5F048}.Release|Any CPU.ActiveCfg = Release|Any CPU
		{83F42569-90FA-4122-A92A-42EA3CD5F048}.Release|Any CPU.Build.0 = Release|Any CPU
		{B8C1B14E-DC28-48A9-86E8-C39F913A458D}.Debug|Any CPU.ActiveCfg = Debug|Any CPU
		{B8C1B14E-DC28-48A9-86E8-C39F913A458D}.Debug|Any CPU.Build.0 = Debug|Any CPU
		{B8C1B14E-DC28-48A9-86E8-C39F913A458D}.Release|Any CPU.ActiveCfg = Release|Any CPU
		{B8C1B14E-DC28-48A9-86E8-C39F913A458D}.Release|Any CPU.Build.0 = Release|Any CPU
	EndGlobalSection
	GlobalSection(SolutionProperties) = preSolution
		HideSolutionNode = FALSE
	EndGlobalSection
	GlobalSection(ExtensibilityGlobals) = postSolution
		SolutionGuid = {DBA29146-928E-4393-A456-EC5D7431CFAE}
	EndGlobalSection
EndGlobal
