
Microsoft Visual Studio Solution File, Format Version 12.00
# Visual Studio Version 16
VisualStudioVersion = 16.0.30717.126
MinimumVisualStudioVersion = 10.0.40219.1
Project("{FAE04EC0-301F-11D3-BF4B-00C04F79EFBC}") = "Task_1", "Lesson-4\Task_1.csproj", "{C290AE10-A6F6-4E37-8840-612010A79FA6}"
EndProject
Global
	GlobalSection(SolutionConfigurationPlatforms) = preSolution
		Debug|Any CPU = Debug|Any CPU
		Release|Any CPU = Release|Any CPU
	EndGlobalSection
	GlobalSection(ProjectConfigurationPlatforms) = postSolution
		{C290AE10-A6F6-4E37-8840-612010A79FA6}.Debug|Any CPU.ActiveCfg = Debug|Any CPU
		{C290AE10-A6F6-4E37-8840-612010A79FA6}.Debug|Any CPU.Build.0 = Debug|Any CPU
		{C290AE10-A6F6-4E37-8840-612010A79FA6}.Release|Any CPU.ActiveCfg = Release|Any CPU
		{C290AE10-A6F6-4E37-8840-612010A79FA6}.Release|Any CPU.Build.0 = Release|Any CPU
	EndGlobalSection
	GlobalSection(SolutionProperties) = preSolution
		HideSolutionNode = FALSE
	EndGlobalSection
	GlobalSection(ExtensibilityGlobals) = postSolution
		SolutionGuid = {119D5B27-97DE-4412-9892-6F82A1613646}
	EndGlobalSection
EndGlobal
