
Microsoft Visual Studio Solution File, Format Version 12.00
# Visual Studio Version 16
VisualStudioVersion = 16.0.30717.126
MinimumVisualStudioVersion = 10.0.40219.1
Project("{FAE04EC0-301F-11D3-BF4B-00C04F79EFBC}") = "Lesson-8(Busket-sort)", "Lesson-8(Busket-sort)\Lesson-8(Busket-sort).csproj", "{6D101FE3-A7B6-4B62-A197-96FD8BD0BFB4}"
EndProject
Global
	GlobalSection(SolutionConfigurationPlatforms) = preSolution
		Debug|Any CPU = Debug|Any CPU
		Release|Any CPU = Release|Any CPU
	EndGlobalSection
	GlobalSection(ProjectConfigurationPlatforms) = postSolution
		{6D101FE3-A7B6-4B62-A197-96FD8BD0BFB4}.Debug|Any CPU.ActiveCfg = Debug|Any CPU
		{6D101FE3-A7B6-4B62-A197-96FD8BD0BFB4}.Debug|Any CPU.Build.0 = Debug|Any CPU
		{6D101FE3-A7B6-4B62-A197-96FD8BD0BFB4}.Release|Any CPU.ActiveCfg = Release|Any CPU
		{6D101FE3-A7B6-4B62-A197-96FD8BD0BFB4}.Release|Any CPU.Build.0 = Release|Any CPU
	EndGlobalSection
	GlobalSection(SolutionProperties) = preSolution
		HideSolutionNode = FALSE
	EndGlobalSection
	GlobalSection(ExtensibilityGlobals) = postSolution
		SolutionGuid = {B0D3A274-53A9-4D4B-92A1-0ACCB59EEB7C}
	EndGlobalSection
EndGlobal
